{
  "name": "jasmine",
  "version": "1.0.0",
  "lockfileVersion": 2,
  "requires": true,
  "packages": {
    "": {
      "name": "jasmine",
      "version": "1.0.0",
      "dependencies": {
        "@types/jasmine": "4.0.3",
        "jasmine-core": "4.1.1"
      }
    },
    "node_modules/@types/jasmine": {
      "version": "4.0.3",
      "resolved": "https://registry.npmjs.org/@types/jasmine/-/jasmine-4.0.3.tgz",
      "integrity": "sha512-Opp1LvvEuZdk8fSSvchK2mZwhVrsNT0JgJE9Di6MjnaIpmEXM8TLCPPrVtNTYh8+5MPdY8j9bAHMu2SSfwpZJg=="
    },
    "node_modules/jasmine-core": {
      "version": "4.1.1",
      "resolved": "https://registry.npmjs.org/jasmine-core/-/jasmine-core-4.1.1.tgz",
      "integrity": "sha512-lmUfT5XcK9KKvt3lLYzn93hc4MGzlUBowExFVgzbSW0ZCrdeyS574dfsyfRhxbg81Wj4gk+RxUiTnj7KBfDA1g=="
    }
  },
  "dependencies": {
    "@types/jasmine": {
      "version": "4.0.3",
      "resolved": "https://registry.npmjs.org/@types/jasmine/-/jasmine-4.0.3.tgz",
      "integrity": "sha512-Opp1LvvEuZdk8fSSvchK2mZwhVrsNT0JgJE9Di6MjnaIpmEXM8TLCPPrVtNTYh8+5MPdY8j9bAHMu2SSfwpZJg=="
    },
    "jasmine-core": {
      "version": "4.1.1",
      "resolved": "https://registry.npmjs.org/jasmine-core/-/jasmine-core-4.1.1.tgz",
      "integrity": "sha512-lmUfT5XcK9KKvt3lLYzn93hc4MGzlUBowExFVgzbSW0ZCrdeyS574dfsyfRhxbg81Wj4gk+RxUiTnj7KBfDA1g=="
    }
  }
}
